
Microsoft Visual Studio Solution File, Format Version 12.00
# Visual Studio Version 17
VisualStudioVersion = 17.8.34525.116
MinimumVisualStudioVersion = 10.0.40219.1
Project("{FAE04EC0-301F-11D3-BF4B-00C04F79EFBC}") = "PoolProject", "PoolProject\PoolProject.csproj", "{F894470F-F7BF-4B3F-98B1-615B4D818632}"
EndProject
Global
	GlobalSection(SolutionConfigurationPlatforms) = preSolution
		Debug|Any CPU = Debug|Any CPU
		Release|Any CPU = Release|Any CPU
	EndGlobalSection
	GlobalSection(ProjectConfigurationPlatforms) = postSolution
		{F894470F-F7BF-4B3F-98B1-615B4D818632}.Debug|Any CPU.ActiveCfg = Debug|Any CPU
		{F894470F-F7BF-4B3F-98B1-615B4D818632}.Debug|Any CPU.Build.0 = Debug|Any CPU
		{F894470F-F7BF-4B3F-98B1-615B4D818632}.Release|Any CPU.ActiveCfg = Release|Any CPU
		{F894470F-F7BF-4B3F-98B1-615B4D818632}.Release|Any CPU.Build.0 = Release|Any CPU
	EndGlobalSection
	GlobalSection(SolutionProperties) = preSolution
		HideSolutionNode = FALSE
	EndGlobalSection
	GlobalSection(ExtensibilityGlobals) = postSolution
		SolutionGuid = {E8706415-238C-4C90-83BA-FD7FC51F3C32}
	EndGlobalSection
EndGlobal
